
Microsoft Visual Studio Solution File, Format Version 12.00
# Visual Studio Version 16
VisualStudioVersion = 16.0.31005.135
MinimumVisualStudioVersion = 10.0.40219.1
Project("{FAE04EC0-301F-11D3-BF4B-00C04F79EFBC}") = "Discord RPC Example", "Discord RPC Example\Discord RPC Example.csproj", "{2C723FA4-C978-42E1-B37A-34D98D779BBA}"
EndProject
Global
	GlobalSection(SolutionConfigurationPlatforms) = preSolution
		Debug|Any CPU = Debug|Any CPU
		Release|Any CPU = Release|Any CPU
	EndGlobalSection
	GlobalSection(ProjectConfigurationPlatforms) = postSolution
		{2C723FA4-C978-42E1-B37A-34D98D779BBA}.Debug|Any CPU.ActiveCfg = Debug|Any CPU
		{2C723FA4-C978-42E1-B37A-34D98D779BBA}.Debug|Any CPU.Build.0 = Debug|Any CPU
		{2C723FA4-C978-42E1-B37A-34D98D779BBA}.Release|Any CPU.ActiveCfg = Release|Any CPU
		{2C723FA4-C978-42E1-B37A-34D98D779BBA}.Release|Any CPU.Build.0 = Release|Any CPU
	EndGlobalSection
	GlobalSection(SolutionProperties) = preSolution
		HideSolutionNode = FALSE
	EndGlobalSection
	GlobalSection(ExtensibilityGlobals) = postSolution
		SolutionGuid = {C0152C13-0172-4DEC-8599-990C7DF23FB4}
	EndGlobalSection
EndGlobal
